
Microsoft Visual Studio Solution File, Format Version 12.00
# Visual Studio Version 17
VisualStudioVersion = 17.0.31919.166
MinimumVisualStudioVersion = 10.0.40219.1
Project("{9A19103F-16F7-4668-BE54-9A1E7A4F7556}") = "Backend", "Backend.csproj", "{33931BFA-3685-4F9B-8E21-364F9C975C12}"
EndProject
Project("{9A19103F-16F7-4668-BE54-9A1E7A4F7556}") = "SRUnitTests", "..\UnitTests\SRUnitTests.csproj", "{7A50E97C-1BC8-483B-B50F-7D4CAACB201A}"
EndProject
Project("{54A90642-561A-4BB1-A94E-469ADEE60C69}") = "Frontend", "..\Frontend\Frontend.esproj", "{B9081E2B-0B17-443A-9753-CDF9C392E081}"
EndProject
Global
	GlobalSection(SolutionConfigurationPlatforms) = preSolution
		Debug|Any CPU = Debug|Any CPU
		Release|Any CPU = Release|Any CPU
	EndGlobalSection
	GlobalSection(ProjectConfigurationPlatforms) = postSolution
		{33931BFA-3685-4F9B-8E21-364F9C975C12}.Debug|Any CPU.ActiveCfg = Debug|Any CPU
		{33931BFA-3685-4F9B-8E21-364F9C975C12}.Debug|Any CPU.Build.0 = Debug|Any CPU
		{33931BFA-3685-4F9B-8E21-364F9C975C12}.Release|Any CPU.ActiveCfg = Release|Any CPU
		{33931BFA-3685-4F9B-8E21-364F9C975C12}.Release|Any CPU.Build.0 = Release|Any CPU
		{7A50E97C-1BC8-483B-B50F-7D4CAACB201A}.Debug|Any CPU.ActiveCfg = Debug|Any CPU
		{7A50E97C-1BC8-483B-B50F-7D4CAACB201A}.Debug|Any CPU.Build.0 = Debug|Any CPU
		{7A50E97C-1BC8-483B-B50F-7D4CAACB201A}.Release|Any CPU.ActiveCfg = Release|Any CPU
		{7A50E97C-1BC8-483B-B50F-7D4CAACB201A}.Release|Any CPU.Build.0 = Release|Any CPU
		{B9081E2B-0B17-443A-9753-CDF9C392E081}.Debug|Any CPU.ActiveCfg = Debug|Any CPU
		{B9081E2B-0B17-443A-9753-CDF9C392E081}.Debug|Any CPU.Build.0 = Debug|Any CPU
		{B9081E2B-0B17-443A-9753-CDF9C392E081}.Debug|Any CPU.Deploy.0 = Debug|Any CPU
		{B9081E2B-0B17-443A-9753-CDF9C392E081}.Release|Any CPU.ActiveCfg = Release|Any CPU
		{B9081E2B-0B17-443A-9753-CDF9C392E081}.Release|Any CPU.Build.0 = Release|Any CPU
		{B9081E2B-0B17-443A-9753-CDF9C392E081}.Release|Any CPU.Deploy.0 = Release|Any CPU
	EndGlobalSection
	GlobalSection(SolutionProperties) = preSolution
		HideSolutionNode = FALSE
	EndGlobalSection
	GlobalSection(ExtensibilityGlobals) = postSolution
		SolutionGuid = {50018463-C5EA-4BAB-A3DE-F4473955C87E}
	EndGlobalSection
EndGlobal
